
Microsoft Visual Studio Solution File, Format Version 12.00
# Visual Studio Version 17
VisualStudioVersion = 17.4.33103.184
MinimumVisualStudioVersion = 10.0.40219.1
Project("{F184B08F-C81C-45F6-A57F-5ABD9991F28F}") = "Build V1.0.0.0", "Build V1.0.0.0\Build V1.0.0.0.vbproj", "{5A49D528-0189-44FE-8D79-D3B1EBE3A4A1}"
EndProject
Global
	GlobalSection(SolutionConfigurationPlatforms) = preSolution
		Debug|Any CPU = Debug|Any CPU
		Release|Any CPU = Release|Any CPU
	EndGlobalSection
	GlobalSection(ProjectConfigurationPlatforms) = postSolution
		{5A49D528-0189-44FE-8D79-D3B1EBE3A4A1}.Debug|Any CPU.ActiveCfg = Debug|Any CPU
		{5A49D528-0189-44FE-8D79-D3B1EBE3A4A1}.Debug|Any CPU.Build.0 = Debug|Any CPU
		{5A49D528-0189-44FE-8D79-D3B1EBE3A4A1}.Release|Any CPU.ActiveCfg = Release|Any CPU
		{5A49D528-0189-44FE-8D79-D3B1EBE3A4A1}.Release|Any CPU.Build.0 = Release|Any CPU
	EndGlobalSection
	GlobalSection(SolutionProperties) = preSolution
		HideSolutionNode = FALSE
	EndGlobalSection
	GlobalSection(ExtensibilityGlobals) = postSolution
		SolutionGuid = {9ADCDE8B-BB4E-45E2-B477-DD9AA37CE752}
	EndGlobalSection
EndGlobal
